
Microsoft Visual Studio Solution File, Format Version 12.00
# Visual Studio Version 17
VisualStudioVersion = 17.10.35122.118
MinimumVisualStudioVersion = 10.0.40219.1
Project("{FAE04EC0-301F-11D3-BF4B-00C04F79EFBC}") = "LeitorDeVCF", "LeitorDeVCF\LeitorDeVCF.csproj", "{0942FFCB-A08F-48ED-8398-37C22086CE2E}"
EndProject
Global
	GlobalSection(SolutionConfigurationPlatforms) = preSolution
		Debug|Any CPU = Debug|Any CPU
		Release|Any CPU = Release|Any CPU
	EndGlobalSection
	GlobalSection(ProjectConfigurationPlatforms) = postSolution
		{0942FFCB-A08F-48ED-8398-37C22086CE2E}.Debug|Any CPU.ActiveCfg = Debug|Any CPU
		{0942FFCB-A08F-48ED-8398-37C22086CE2E}.Debug|Any CPU.Build.0 = Debug|Any CPU
		{0942FFCB-A08F-48ED-8398-37C22086CE2E}.Release|Any CPU.ActiveCfg = Release|Any CPU
		{0942FFCB-A08F-48ED-8398-37C22086CE2E}.Release|Any CPU.Build.0 = Release|Any CPU
	EndGlobalSection
	GlobalSection(SolutionProperties) = preSolution
		HideSolutionNode = FALSE
	EndGlobalSection
	GlobalSection(ExtensibilityGlobals) = postSolution
		SolutionGuid = {7F890C6C-2DA6-4B8C-B886-35DFAFEB6DF2}
	EndGlobalSection
EndGlobal
